
Microsoft Visual Studio Solution File, Format Version 12.00
# Visual Studio Version 16
VisualStudioVersion = 16.0.29613.14
MinimumVisualStudioVersion = 10.0.40219.1
Project("{FAE04EC0-301F-11D3-BF4B-00C04F79EFBC}") = "MegaDesk2", "MegaDesk2.csproj", "{D6EEE28D-8EA6-4E8D-81EA-9093B922F11F}"
EndProject
Global
	GlobalSection(SolutionConfigurationPlatforms) = preSolution
		Debug|Any CPU = Debug|Any CPU
		Release|Any CPU = Release|Any CPU
	EndGlobalSection
	GlobalSection(ProjectConfigurationPlatforms) = postSolution
		{D6EEE28D-8EA6-4E8D-81EA-9093B922F11F}.Debug|Any CPU.ActiveCfg = Debug|Any CPU
		{D6EEE28D-8EA6-4E8D-81EA-9093B922F11F}.Debug|Any CPU.Build.0 = Debug|Any CPU
		{D6EEE28D-8EA6-4E8D-81EA-9093B922F11F}.Release|Any CPU.ActiveCfg = Release|Any CPU
		{D6EEE28D-8EA6-4E8D-81EA-9093B922F11F}.Release|Any CPU.Build.0 = Release|Any CPU
	EndGlobalSection
	GlobalSection(SolutionProperties) = preSolution
		HideSolutionNode = FALSE
	EndGlobalSection
	GlobalSection(ExtensibilityGlobals) = postSolution
		SolutionGuid = {9655668E-0DFB-4CB4-83DB-7BF218F3A2AB}
	EndGlobalSection
EndGlobal
